// !$*UTF8*$!
{
	archiveVersion = 1;
	classes = {
	};
	objectVersion = 50;
	objects = {

/* Begin PBXBuildFile section */
		E11E8FD625DC740300101141 /* AppDelegate.swift in Sources */ = {isa = PBXBuildFile; fileRef = E11E8FD525DC740300101141 /* AppDelegate.swift */; };
		E11E8FD825DC740300101141 /* SceneDelegate.swift in Sources */ = {isa = PBXBuildFile; fileRef = E11E8FD725DC740300101141 /* SceneDelegate.swift */; };
		E11E8FDA25DC740300101141 /* ViewController.swift in Sources */ = {isa = PBXBuildFile; fileRef = E11E8FD925DC740300101141 /* ViewController.swift */; };
		E11E8FDD25DC740300101141 /* Main.storyboard in Resources */ = {isa = PBXBuildFile; fileRef = E11E8FDB25DC740300101141 /* Main.storyboard */; };
		E11E8FDF25DC740600101141 /* Assets.xcassets in Resources */ = {isa = PBXBuildFile; fileRef = E11E8FDE25DC740600101141 /* Assets.xcassets */; };
		E11E8FE225DC740600101141 /* LaunchScreen.storyboard in Resources */ = {isa = PBXBuildFile; fileRef = E11E8FE025DC740600101141 /* LaunchScreen.storyboard */; };
		E11E8FED25DC740600101141 /* TableViewTests.swift in Sources */ = {isa = PBXBuildFile; fileRef = E11E8FEC25DC740600101141 /* TableViewTests.swift */; };
		E11E8FF825DC740600101141 /* TableViewUITests.swift in Sources */ = {isa = PBXBuildFile; fileRef = E11E8FF725DC740600101141 /* TableViewUITests.swift */; };
		E11E900925DC80AB00101141 /* ThirtyDayCell.swift in Sources */ = {isa = PBXBuildFile; fileRef = E11E900825DC80AB00101141 /* ThirtyDayCell.swift */; };
/* End PBXBuildFile section */

/* Begin PBXContainerItemProxy section */
		E11E8FE925DC740600101141 /* PBXContainerItemProxy */ = {
			isa = PBXContainerItemProxy;
			containerPortal = E11E8FCA25DC740300101141 /* Project object */;
			proxyType = 1;
			remoteGlobalIDString = E11E8FD125DC740300101141;
			remoteInfo = TableView;
		};
		E11E8FF425DC740600101141 /* PBXContainerItemProxy */ = {
			isa = PBXContainerItemProxy;
			containerPortal = E11E8FCA25DC740300101141 /* Project object */;
			proxyType = 1;
			remoteGlobalIDString = E11E8FD125DC740300101141;
			remoteInfo = TableView;
		};
/* End PBXContainerItemProxy section */

/* Begin PBXFileReference section */
		E11E8FD225DC740300101141 /* TableView.app */ = {isa = PBXFileReference; explicitFileType = wrapper.application; includeInIndex = 0; path = TableView.app; sourceTree = BUILT_PRODUCTS_DIR; };
		E11E8FD525DC740300101141 /* AppDelegate.swift */ = {isa = PBXFileReference; lastKnownFileType = sourcecode.swift; path = AppDelegate.swift; sourceTree = "<group>"; };
		E11E8FD725DC740300101141 /* SceneDelegate.swift */ = {isa = PBXFileReference; lastKnownFileType = sourcecode.swift; path = SceneDelegate.swift; sourceTree = "<group>"; };
		E11E8FD925DC740300101141 /* ViewController.swift */ = {isa = PBXFileReference; lastKnownFileType = sourcecode.swift; path = ViewController.swift; sourceTree = "<group>"; };
		E11E8FDC25DC740300101141 /* Base */ = {isa = PBXFileReference; lastKnownFileType = file.storyboard; name = Base; path = Base.lproj/Main.storyboard; sourceTree = "<group>"; };
		E11E8FDE25DC740600101141 /* Assets.xcassets */ = {isa = PBXFileReference; lastKnownFileType = folder.assetcatalog; path = Assets.xcassets; sourceTree = "<group>"; };
		E11E8FE125DC740600101141 /* Base */ = {isa = PBXFileReference; lastKnownFileType = file.storyboard; name = Base; path = Base.lproj/LaunchScreen.storyboard; sourceTree = "<group>"; };
		E11E8FE325DC740600101141 /* Info.plist */ = {isa = PBXFileReference; lastKnownFileType = text.plist.xml; path = Info.plist; sourceTree = "<group>"; };
		E11E8FE825DC740600101141 /* TableViewTests.xctest */ = {isa = PBXFileReference; explicitFileType = wrapper.cfbundle; includeInIndex = 0; path = TableViewTests.xctest; sourceTree = BUILT_PRODUCTS_DIR; };
		E11E8FEC25DC740600101141 /* TableViewTests.swift */ = {isa = PBXFileReference; lastKnownFileType = sourcecode.swift; path = TableViewTests.swift; sourceTree = "<group>"; };
		E11E8FEE25DC740600101141 /* Info.plist */ = {isa = PBXFileReference; lastKnownFileType = text.plist.xml; path = Info.plist; sourceTree = "<group>"; };
		E11E8FF325DC740600101141 /* TableViewUITests.xctest */ = {isa = PBXFileReference; explicitFileType = wrapper.cfbundle; includeInIndex = 0; path = TableViewUITests.xctest; sourceTree = BUILT_PRODUCTS_DIR; };
		E11E8FF725DC740600101141 /* TableViewUITests.swift */ = {isa = PBXFileReference; lastKnownFileType = sourcecode.swift; path = TableViewUITests.swift; sourceTree = "<group>"; };
		E11E8FF925DC740600101141 /* Info.plist */ = {isa = PBXFileReference; lastKnownFileType = text.plist.xml; path = Info.plist; sourceTree = "<group>"; };
		E11E900825DC80AB00101141 /* ThirtyDayCell.swift */ = {isa = PBXFileReference; lastKnownFileType = sourcecode.swift; path = ThirtyDayCell.swift; sourceTree = "<group>"; };
/* End PBXFileReference section */

/* Begin PBXFrameworksBuildPhase section */
		E11E8FCF25DC740300101141 /* Frameworks */ = {
			isa = PBXFrameworksBuildPhase;
			buildActionMask = 2147483647;
			files = (
			);
			runOnlyForDeploymentPostprocessing = 0;
		};
		E11E8FE525DC740600101141 /* Frameworks */ = {
			isa = PBXFrameworksBuildPhase;
			buildActionMask = 2147483647;
			files = (
			);
			runOnlyForDeploymentPostprocessing = 0;
		};
		E11E8FF025DC740600101141 /* Frameworks */ = {
			isa = PBXFrameworksBuildPhase;
			buildActionMask = 2147483647;
			files = (
			);
			runOnlyForDeploymentPostprocessing = 0;
		};
/* End PBXFrameworksBuildPhase section */

/* Begin PBXGroup section */
		E11E8FC925DC740300101141 = {
			isa = PBXGroup;
			children = (
				E11E8FD425DC740300101141 /* TableView */,
				E11E8FEB25DC740600101141 /* TableViewTests */,
				E11E8FF625DC740600101141 /* TableViewUITests */,
				E11E8FD325DC740300101141 /* Products */,
			);
			sourceTree = "<group>";
		};
		E11E8FD325DC740300101141 /* Products */ = {
			isa = PBXGroup;
			children = (
				E11E8FD225DC740300101141 /* TableView.app */,
				E11E8FE825DC740600101141 /* TableViewTests.xctest */,
				E11E8FF325DC740600101141 /* TableViewUITests.xctest */,
			);
			name = Products;
			sourceTree = "<group>";
		};
		E11E8FD425DC740300101141 /* TableView */ = {
			isa = PBXGroup;
			children = (
				E11E8FD525DC740300101141 /* AppDelegate.swift */,
				E11E8FD725DC740300101141 /* SceneDelegate.swift */,
				E11E8FD925DC740300101141 /* ViewController.swift */,
				E11E8FDB25DC740300101141 /* Main.storyboard */,
				E11E8FDE25DC740600101141 /* Assets.xcassets */,
				E11E8FE025DC740600101141 /* LaunchScreen.storyboard */,
				E11E8FE325DC740600101141 /* Info.plist */,
				E11E900825DC80AB00101141 /* ThirtyDayCell.swift */,
			);
			path = TableView;
			sourceTree = "<group>";
		};
		E11E8FEB25DC740600101141 /* TableViewTests */ = {
			isa = PBXGroup;
			children = (
				E11E8FEC25DC740600101141 /* TableViewTests.swift */,
				E11E8FEE25DC740600101141 /* Info.plist */,
			);
			path = TableViewTests;
			sourceTree = "<group>";
		};
		E11E8FF625DC740600101141 /* TableViewUITests */ = {
			isa = PBXGroup;
			children = (
				E11E8FF725DC740600101141 /* TableViewUITests.swift */,
				E11E8FF925DC740600101141 /* Info.plist */,
			);
			path = TableViewUITests;
			sourceTree = "<group>";
		};
/* End PBXGroup section */

/* Begin PBXNativeTarget section */
		E11E8FD125DC740300101141 /* TableView */ = {
			isa = PBXNativeTarget;
			buildConfigurationList = E11E8FFC25DC740600101141 /* Build configuration list for PBXNativeTarget "TableView" */;
			buildPhases = (
				E11E8FCE25DC740300101141 /* Sources */,
				E11E8FCF25DC740300101141 /* Frameworks */,
				E11E8FD025DC740300101141 /* Resources */,
			);
			buildRules = (
			);
			dependencies = (
			);
			name = TableView;
			productName = TableView;
			productReference = E11E8FD225DC740300101141 /* TableView.app */;
			productType = "com.apple.product-type.application";
		};
		E11E8FE725DC740600101141 /* TableViewTests */ = {
			isa = PBXNativeTarget;
			buildConfigurationList = E11E8FFF25DC740600101141 /* Build configuration list for PBXNativeTarget "TableViewTests" */;
			buildPhases = (
				E11E8FE425DC740600101141 /* Sources */,
				E11E8FE525DC740600101141 /* Frameworks */,
				E11E8FE625DC740600101141 /* Resources */,
			);
			buildRules = (
			);
			dependencies = (
				E11E8FEA25DC740600101141 /* PBXTargetDependency */,
			);
			name = TableViewTests;
			productName = TableViewTests;
			productReference = E11E8FE825DC740600101141 /* TableViewTests.xctest */;
			productType = "com.apple.product-type.bundle.unit-test";
		};
		E11E8FF225DC740600101141 /* TableViewUITests */ = {
			isa = PBXNativeTarget;
			buildConfigurationList = E11E900225DC740600101141 /* Build configuration list for PBXNativeTarget "TableViewUITests" */;
			buildPhases = (
				E11E8FEF25DC740600101141 /* Sources */,
				E11E8FF025DC740600101141 /* Frameworks */,
				E11E8FF125DC740600101141 /* Resources */,
			);
			buildRules = (
			);
			dependencies = (
				E11E8FF525DC740600101141 /* PBXTargetDependency */,
			);
			name = TableViewUITests;
			productName = TableViewUITests;
			productReference = E11E8FF325DC740600101141 /* TableViewUITests.xctest */;
			productType = "com.apple.product-type.bundle.ui-testing";
		};
/* End PBXNativeTarget section */

/* Begin PBXProject section */
		E11E8FCA25DC740300101141 /* Project object */ = {
			isa = PBXProject;
			attributes = {
				LastSwiftUpdateCheck = 1240;
				LastUpgradeCheck = 1240;
				TargetAttributes = {
					E11E8FD125DC740300101141 = {
						CreatedOnToolsVersion = 12.4;
					};
					E11E8FE725DC740600101141 = {
						CreatedOnToolsVersion = 12.4;
						TestTargetID = E11E8FD125DC740300101141;
					};
					E11E8FF225DC740600101141 = {
						CreatedOnToolsVersion = 12.4;
						TestTargetID = E11E8FD125DC740300101141;
					};
				};
			};
			buildConfigurationList = E11E8FCD25DC740300101141 /* Build configuration list for PBXProject "TableView" */;
			compatibilityVersion = "Xcode 9.3";
			developmentRegion = en;
			hasScannedForEncodings = 0;
			knownRegions = (
				en,
				Base,
			);
			mainGroup = E11E8FC925DC740300101141;
			productRefGroup = E11E8FD325DC740300101141 /* Products */;
			projectDirPath = "";
			projectRoot = "";
			targets = (
				E11E8FD125DC740300101141 /* TableView */,
				E11E8FE725DC740600101141 /* TableViewTests */,
				E11E8FF225DC740600101141 /* TableViewUITests */,
			);
		};
/* End PBXProject section */

/* Begin PBXResourcesBuildPhase section */
		E11E8FD025DC740300101141 /* Resources */ = {
			isa = PBXResourcesBuildPhase;
			buildActionMask = 2147483647;
			files = (
				E11E8FE225DC740600101141 /* LaunchScreen.storyboard in Resources */,
				E11E8FDF25DC740600101141 /* Assets.xcassets in Resources */,
				E11E8FDD25DC740300101141 /* Main.storyboard in Resources */,
			);
			runOnlyForDeploymentPostprocessing = 0;
		};
		E11E8FE625DC740600101141 /* Resources */ = {
			isa = PBXResourcesBuildPhase;
			buildActionMask = 2147483647;
			files = (
			);
			runOnlyForDeploymentPostprocessing = 0;
		};
		E11E8FF125DC740600101141 /* Resources */ = {
			isa = PBXResourcesBuildPhase;
			buildActionMask = 2147483647;
			files = (
			);
			runOnlyForDeploymentPostprocessing = 0;
		};
/* End PBXResourcesBuildPhase section */

/* Begin PBXSourcesBuildPhase section */
		E11E8FCE25DC740300101141 /* Sources */ = {
			isa = PBXSourcesBuildPhase;
			buildActionMask = 2147483647;
			files = (
				E11E900925DC80AB00101141 /* ThirtyDayCell.swift in Sources */,
				E11E8FDA25DC740300101141 /* ViewController.swift in Sources */,
				E11E8FD625DC740300101141 /* AppDelegate.swift in Sources */,
				E11E8FD825DC740300101141 /* SceneDelegate.swift in Sources */,
			);
			runOnlyForDeploymentPostprocessing = 0;
		};
		E11E8FE425DC740600101141 /* Sources */ = {
			isa = PBXSourcesBuildPhase;
			buildActionMask = 2147483647;
			files = (
				E11E8FED25DC740600101141 /* TableViewTests.swift in Sources */,
			);
			runOnlyForDeploymentPostprocessing = 0;
		};
		E11E8FEF25DC740600101141 /* Sources */ = {
			isa = PBXSourcesBuildPhase;
			buildActionMask = 2147483647;
			files = (
				E11E8FF825DC740600101141 /* TableViewUITests.swift in Sources */,
			);
			runOnlyForDeploymentPostprocessing = 0;
		};
/* End PBXSourcesBuildPhase section */

/* Begin PBXTargetDependency section */
		E11E8FEA25DC740600101141 /* PBXTargetDependency */ = {
			isa = PBXTargetDependency;
			target = E11E8FD125DC740300101141 /* TableView */;
			targetProxy = E11E8FE925DC740600101141 /* PBXContainerItemProxy */;
		};
		E11E8FF525DC740600101141 /* PBXTargetDependency */ = {
			isa = PBXTargetDependency;
			target = E11E8FD125DC740300101141 /* TableView */;
			targetProxy = E11E8FF425DC740600101141 /* PBXContainerItemProxy */;
		};
/* End PBXTargetDependency section */

/* Begin PBXVariantGroup section */
		E11E8FDB25DC740300101141 /* Main.storyboard */ = {
			isa = PBXVariantGroup;
			children = (
				E11E8FDC25DC740300101141 /* Base */,
			);
			name = Main.storyboard;
			sourceTree = "<group>";
		};
		E11E8FE025DC740600101141 /* LaunchScreen.storyboard */ = {
			isa = PBXVariantGroup;
			children = (
				E11E8FE125DC740600101141 /* Base */,
			);
			name = LaunchScreen.storyboard;
			sourceTree = "<group>";
		};
/* End PBXVariantGroup section */

/* Begin XCBuildConfiguration section */
		E11E8FFA25DC740600101141 /* Debug */ = {
			isa = XCBuildConfiguration;
			buildSettings = {
				ALWAYS_SEARCH_USER_PATHS = NO;
				CLANG_ANALYZER_NONNULL = YES;
				CLANG_ANALYZER_NUMBER_OBJECT_CONVERSION = YES_AGGRESSIVE;
				CLANG_CXX_LANGUAGE_STANDARD = "gnu++14";
				CLANG_CXX_LIBRARY = "libc++";
				CLANG_ENABLE_MODULES = YES;
				CLANG_ENABLE_OBJC_ARC = YES;
				CLANG_ENABLE_OBJC_WEAK = YES;
				CLANG_WARN_BLOCK_CAPTURE_AUTORELEASING = YES;
				CLANG_WARN_BOOL_CONVERSION = YES;
				CLANG_WARN_COMMA = YES;
				CLANG_WARN_CONSTANT_CONVERSION = YES;
				CLANG_WARN_DEPRECATED_OBJC_IMPLEMENTATIONS = YES;
				CLANG_WARN_DIRECT_OBJC_ISA_USAGE = YES_ERROR;
				CLANG_WARN_DOCUMENTATION_COMMENTS = YES;
				CLANG_WARN_EMPTY_BODY = YES;
				CLANG_WARN_ENUM_CONVERSION = YES;
				CLANG_WARN_INFINITE_RECURSION = YES;
				CLANG_WARN_INT_CONVERSION = YES;
				CLANG_WARN_NON_LITERAL_NULL_CONVERSION = YES;
				CLANG_WARN_OBJC_IMPLICIT_RETAIN_SELF = YES;
				CLANG_WARN_OBJC_LITERAL_CONVERSION = YES;
				CLANG_WARN_OBJC_ROOT_CLASS = YES_ERROR;
				CLANG_WARN_QUOTED_INCLUDE_IN_FRAMEWORK_HEADER = YES;
				CLANG_WARN_RANGE_LOOP_ANALYSIS = YES;
				CLANG_WARN_STRICT_PROTOTYPES = YES;
				CLANG_WARN_SUSPICIOUS_MOVE = YES;
				CLANG_WARN_UNGUARDED_AVAILABILITY = YES_AGGRESSIVE;
				CLANG_WARN_UNREACHABLE_CODE = YES;
				CLANG_WARN__DUPLICATE_METHOD_MATCH = YES;
				COPY_PHASE_STRIP = NO;
				DEBUG_INFORMATION_FORMAT = dwarf;
				ENABLE_STRICT_OBJC_MSGSEND = YES;
				ENABLE_TESTABILITY = YES;
				GCC_C_LANGUAGE_STANDARD = gnu11;
				GCC_DYNAMIC_NO_PIC = NO;
				GCC_NO_COMMON_BLOCKS = YES;
				GCC_OPTIMIZATION_LEVEL = 0;
				GCC_PREPROCESSOR_DEFINITIONS = (
					"DEBUG=1",
					"$(inherited)",
				);
				GCC_WARN_64_TO_32_BIT_CONVERSION = YES;
				GCC_WARN_ABOUT_RETURN_TYPE = YES_ERROR;
				GCC_WARN_UNDECLARED_SELECTOR = YES;
				GCC_WARN_UNINITIALIZED_AUTOS = YES_AGGRESSIVE;
				GCC_WARN_UNUSED_FUNCTION = YES;
				GCC_WARN_UNUSED_VARIABLE = YES;
				IPHONEOS_DEPLOYMENT_TARGET = 14.4;
				MTL_ENABLE_DEBUG_INFO = INCLUDE_SOURCE;
				MTL_FAST_MATH = YES;
				ONLY_ACTIVE_ARCH = YES;
				SDKROOT = iphoneos;
				SWIFT_ACTIVE_COMPILATION_CONDITIONS = DEBUG;
				SWIFT_OPTIMIZATION_LEVEL = "-Onone";
			};
			name = Debug;
		};
		E11E8FFB25DC740600101141 /* Release */ = {
			isa = XCBuildConfiguration;
			buildSettings = {
				ALWAYS_SEARCH_USER_PATHS = NO;
				CLANG_ANALYZER_NONNULL = YES;
				CLANG_ANALYZER_NUMBER_OBJECT_CONVERSION = YES_AGGRESSIVE;
				CLANG_CXX_LANGUAGE_STANDARD = "gnu++14";
				CLANG_CXX_LIBRARY = "libc++";
				CLANG_ENABLE_MODULES = YES;
				CLANG_ENABLE_OBJC_ARC = YES;
				CLANG_ENABLE_OBJC_WEAK = YES;
				CLANG_WARN_BLOCK_CAPTURE_AUTORELEASING = YES;
				CLANG_WARN_BOOL_CONVERSION = YES;
				CLANG_WARN_COMMA = YES;
				CLANG_WARN_CONSTANT_CONVERSION = YES;
				CLANG_WARN_DEPRECATED_OBJC_IMPLEMENTATIONS = YES;
				CLANG_WARN_DIRECT_OBJC_ISA_USAGE = YES_ERROR;
				CLANG_WARN_DOCUMENTATION_COMMENTS = YES;
				CLANG_WARN_EMPTY_BODY = YES;
				CLANG_WARN_ENUM_CONVERSION = YES;
				CLANG_WARN_INFINITE_RECURSION = YES;
				CLANG_WARN_INT_CONVERSION = YES;
				CLANG_WARN_NON_LITERAL_NULL_CONVERSION = YES;
				CLANG_WARN_OBJC_IMPLICIT_RETAIN_SELF = YES;
				CLANG_WARN_OBJC_LITERAL_CONVERSION = YES;
				CLANG_WARN_OBJC_ROOT_CLASS = YES_ERROR;
				CLANG_WARN_QUOTED_INCLUDE_IN_FRAMEWORK_HEADER = YES;
				CLANG_WARN_RANGE_LOOP_ANALYSIS = YES;
				CLANG_WARN_STRICT_PROTOTYPES = YES;
				CLANG_WARN_SUSPICIOUS_MOVE = YES;
				CLANG_WARN_UNGUARDED_AVAILABILITY = YES_AGGRESSIVE;
				CLANG_WARN_UNREACHABLE_CODE = YES;
				CLANG_WARN__DUPLICATE_METHOD_MATCH = YES;
				COPY_PHASE_STRIP = NO;
				DEBUG_INFORMATION_FORMAT = "dwarf-with-dsym";
				ENABLE_NS_ASSERTIONS = NO;
				ENABLE_STRICT_OBJC_MSGSEND = YES;
				GCC_C_LANGUAGE_STANDARD = gnu11;
				GCC_NO_COMMON_BLOCKS = YES;
				GCC_WARN_64_TO_32_BIT_CONVERSION = YES;
				GCC_WARN_ABOUT_RETURN_TYPE = YES_ERROR;
				GCC_WARN_UNDECLARED_SELECTOR = YES;
				GCC_WARN_UNINITIALIZED_AUTOS = YES_AGGRESSIVE;
				GCC_WARN_UNUSED_FUNCTION = YES;
				GCC_WARN_UNUSED_VARIABLE = YES;
				IPHONEOS_DEPLOYMENT_TARGET = 14.4;
				MTL_ENABLE_DEBUG_INFO = NO;
				MTL_FAST_MATH = YES;
				SDKROOT = iphoneos;
				SWIFT_COMPILATION_MODE = wholemodule;
				SWIFT_OPTIMIZATION_LEVEL = "-O";
				VALIDATE_PRODUCT = YES;
			};
			name = Release;
		};
		E11E8FFD25DC740600101141 /* Debug */ = {
			isa = XCBuildConfiguration;
			buildSettings = {
				ASSETCATALOG_COMPILER_APPICON_NAME = AppIcon;
				ASSETCATALOG_COMPILER_GLOBAL_ACCENT_COLOR_NAME = AccentColor;
				CODE_SIGN_STYLE = Automatic;
				INFOPLIST_FILE = TableView/Info.plist;
				LD_RUNPATH_SEARCH_PATHS = (
					"$(inherited)",
					"@executable_path/Frameworks",
				);
				PRODUCT_BUNDLE_IDENTIFIER = com.jcarro.TableView;
				PRODUCT_NAME = "$(TARGET_NAME)";
				SWIFT_VERSION = 5.0;
				TARGETED_DEVICE_FAMILY = "1,2";
			};
			name = Debug;
		};
		E11E8FFE25DC740600101141 /* Release */ = {
			isa = XCBuildConfiguration;
			buildSettings = {
				ASSETCATALOG_COMPILER_APPICON_NAME = AppIcon;
				ASSETCATALOG_COMPILER_GLOBAL_ACCENT_COLOR_NAME = AccentColor;
				CODE_SIGN_STYLE = Automatic;
				INFOPLIST_FILE = TableView/Info.plist;
				LD_RUNPATH_SEARCH_PATHS = (
					"$(inherited)",
					"@executable_path/Frameworks",
				);
				PRODUCT_BUNDLE_IDENTIFIER = com.jcarro.TableView;
				PRODUCT_NAME = "$(TARGET_NAME)";
				SWIFT_VERSION = 5.0;
				TARGETED_DEVICE_FAMILY = "1,2";
			};
			name = Release;
		};
		E11E900025DC740600101141 /* Debug */ = {
			isa = XCBuildConfiguration;
			buildSettings = {
				ALWAYS_EMBED_SWIFT_STANDARD_LIBRARIES = YES;
				BUNDLE_LOADER = "$(TEST_HOST)";
				CODE_SIGN_STYLE = Automatic;
				INFOPLIST_FILE = TableViewTests/Info.plist;
				IPHONEOS_DEPLOYMENT_TARGET = 14.4;
				LD_RUNPATH_SEARCH_PATHS = (
					"$(inherited)",
					"@executable_path/Frameworks",
					"@loader_path/Frameworks",
				);
				PRODUCT_BUNDLE_IDENTIFIER = com.jcarro.TableViewTests;
				PRODUCT_NAME = "$(TARGET_NAME)";
				SWIFT_VERSION = 5.0;
				TARGETED_DEVICE_FAMILY = "1,2";
				TEST_HOST = "$(BUILT_PRODUCTS_DIR)/TableView.app/TableView";
			};
			name = Debug;
		};
		E11E900125DC740600101141 /* Release */ = {
			isa = XCBuildConfiguration;
			buildSettings = {
				ALWAYS_EMBED_SWIFT_STANDARD_LIBRARIES = YES;
				BUNDLE_LOADER = "$(TEST_HOST)";
				CODE_SIGN_STYLE = Automatic;
				INFOPLIST_FILE = TableViewTests/Info.plist;
				IPHONEOS_DEPLOYMENT_TARGET = 14.4;
				LD_RUNPATH_SEARCH_PATHS = (
					"$(inherited)",
					"@executable_path/Frameworks",
					"@loader_path/Frameworks",
				);
				PRODUCT_BUNDLE_IDENTIFIER = com.jcarro.TableViewTests;
				PRODUCT_NAME = "$(TARGET_NAME)";
				SWIFT_VERSION = 5.0;
				TARGETED_DEVICE_FAMILY = "1,2";
				TEST_HOST = "$(BUILT_PRODUCTS_DIR)/TableView.app/TableView";
			};
			name = Release;
		};
		E11E900325DC740600101141 /* Debug */ = {
			isa = XCBuildConfiguration;
			buildSettings = {
				ALWAYS_EMBED_SWIFT_STANDARD_LIBRARIES = YES;
				CODE_SIGN_STYLE = Automatic;
				INFOPLIST_FILE = TableViewUITests/Info.plist;
				LD_RUNPATH_SEARCH_PATHS = (
					"$(inherited)",
					"@executable_path/Frameworks",
					"@loader_path/Frameworks",
				);
				PRODUCT_BUNDLE_IDENTIFIER = com.jcarro.TableViewUITests;
				PRODUCT_NAME = "$(TARGET_NAME)";
				SWIFT_VERSION = 5.0;
				TARGETED_DEVICE_FAMILY = "1,2";
				TEST_TARGET_NAME = TableView;
			};
			name = Debug;
		};
		E11E900425DC740600101141 /* Release */ = {
			isa = XCBuildConfiguration;
			buildSettings = {
				ALWAYS_EMBED_SWIFT_STANDARD_LIBRARIES = YES;
				CODE_SIGN_STYLE = Automatic;
				INFOPLIST_FILE = TableViewUITests/Info.plist;
				LD_RUNPATH_SEARCH_PATHS = (
					"$(inherited)",
					"@executable_path/Frameworks",
					"@loader_path/Frameworks",
				);
				PRODUCT_BUNDLE_IDENTIFIER = com.jcarro.TableViewUITests;
				PRODUCT_NAME = "$(TARGET_NAME)";
				SWIFT_VERSION = 5.0;
				TARGETED_DEVICE_FAMILY = "1,2";
				TEST_TARGET_NAME = TableView;
			};
			name = Release;
		};
/* End XCBuildConfiguration section */

/* Begin XCConfigurationList section */
		E11E8FCD25DC740300101141 /* Build configuration list for PBXProject "TableView" */ = {
			isa = XCConfigurationList;
			buildConfigurations = (
				E11E8FFA25DC740600101141 /* Debug */,
				E11E8FFB25DC740600101141 /* Release */,
			);
			defaultConfigurationIsVisible = 0;
			defaultConfigurationName = Release;
		};
		E11E8FFC25DC740600101141 /* Build configuration list for PBXNativeTarget "TableView" */ = {
			isa = XCConfigurationList;
			buildConfigurations = (
				E11E8FFD25DC740600101141 /* Debug */,
				E11E8FFE25DC740600101141 /* Release */,
			);
			defaultConfigurationIsVisible = 0;
			defaultConfigurationName = Release;
		};
		E11E8FFF25DC740600101141 /* Build configuration list for PBXNativeTarget "TableViewTests" */ = {
			isa = XCConfigurationList;
			buildConfigurations = (
				E11E900025DC740600101141 /* Debug */,
				E11E900125DC740600101141 /* Release */,
			);
			defaultConfigurationIsVisible = 0;
			defaultConfigurationName = Release;
		};
		E11E900225DC740600101141 /* Build configuration list for PBXNativeTarget "TableViewUITests" */ = {
			isa = XCConfigurationList;
			buildConfigurations = (
				E11E900325DC740600101141 /* Debug */,
				E11E900425DC740600101141 /* Release */,
			);
			defaultConfigurationIsVisible = 0;
			defaultConfigurationName = Release;
		};
/* End XCConfigurationList section */
	};
	rootObject = E11E8FCA25DC740300101141 /* Project object */;
}
